schema: '2.0'
stages:
  gw_only:
    cmd: uv run python examples/scripts/gw_only.py
    deps:
    - path: examples/scripts/gw_only.py
      hash: md5
      md5: 39fb66496e505320c82f5b46e28c237b
      size: 6844
    - path: src/gwemfish
      hash: md5
      md5: 62321bad4183fc3edd53a3efe7f18c1a.dir
      size: 431642
      nfiles: 33
    outs:
    - path: examples/outputs/outputs_gw_only
      hash: md5
      md5: 7445e2a053d46bf5581b66e95c1f4b0d.dir
      size: 110382633
      nfiles: 16
  em_gw:
    cmd: uv run python examples/scripts/em_gw.py
    deps:
    - path: examples/scripts/em_gw.py
      hash: md5
      md5: d620cbcd891feaa2fe6bfae34598889d
      size: 10096
    - path: src/gwemfish
      hash: md5
      md5: 62321bad4183fc3edd53a3efe7f18c1a.dir
      size: 431642
      nfiles: 33
    outs:
    - path: examples/outputs/outputs_em_gw
      hash: md5
      md5: a04de41f00e1897f4b477030d1b1d293.dir
      size: 71194966
      nfiles: 23
