schema: '2.0'
stages:
  gw_only:
    cmd: uv run python examples/scripts/gw_only.py
    deps:
    - path: examples/scripts/gw_only.py
      hash: md5
      md5: 39fb66496e505320c82f5b46e28c237b
      size: 6844
    - path: src/gwemfish
      hash: md5
      md5: cbe1e7c9b722116f3f8a5680df17f5b9.dir
      size: 405647
      nfiles: 33
    outs:
    - path: examples/outputs/outputs_gw_only
      hash: md5
      md5: dae875979314726e50eb35b6f8a03219.dir
      size: 110382633
      nfiles: 16
  em_gw:
    cmd: uv run python examples/scripts/em_gw.py
    deps:
    - path: examples/scripts/em_gw.py
      hash: md5
      md5: d620cbcd891feaa2fe6bfae34598889d
      size: 10096
    - path: src/gwemfish
      hash: md5
      md5: f9c38f66fe58e472ccf46adfa95de621.dir
      size: 431642
      nfiles: 33
    outs:
    - path: examples/outputs/outputs_em_gw
      hash: md5
      md5: 6e64e1a5146fcbcf3c0286ff298c2066.dir
      size: 71194966
      nfiles: 23
