schema: '2.0'
stages:
  make corner plots:
    cmd: uv run example_usage_gw_only.py
    deps:
    - path: example_usage_gw_only.py
      hash: md5
      md5: 2403966687b8ebf947da27ccf9db9af0
      size: 12227
    outs:
    - path: approx_banana_results.pkl
      hash: md5
      md5: 04ebd56224b5fde5091606004866a4a7
      size: 9600982
    - path: cosmology_params.pdf
      hash: md5
      md5: a883a7c4c9c4db05dec48c3049f5b7f5
      size: 132730
    - path: lens_mass.pdf
      hash: md5
      md5: bd4a4afeb5e975931c6ab2cf9e677c05
      size: 136161
