schema: '2.0'
stages:
  make corner plots:
    cmd: uv run example_usage_gw_only.py
    deps:
    - path: example_usage_gw_only.py
      hash: md5
      md5: 3e61dcd092cb97d8d1b08a1e74bfa4d5
      size: 12896
    outs:
    - path: GW_image_positions.pdf
      hash: md5
      md5: 8ecb6f2eab5f4d7ce93b5c32201d93da
      size: 3077176
    - path: approx_banana_results.pkl
      hash: md5
      md5: aa7c4e049a3d2931fa2ac8ce96d820fa
      size: 9600982
    - path: cosmology_params.pdf
      hash: md5
      md5: 87a263216949885b6ae84b2f2e5f8cc5
      size: 239541
    - path: lens_mass.pdf
      hash: md5
      md5: 85c9fef6e638f72b4b0b5aee55252d5a
      size: 228278
